cwtch.im/cwtch v0.20.3 h1:CaMh7y8ddxWAlpxMUxRniU6SKXwZQKMqLrWKpP8heVc=
cwtch.im/cwtch v0.20.3/go.mod h1:h8S7EgEM+8pE1k+XLB5jAFdIPlOzwoXEY0GH5mQye5A=
filippo.io/edwards25519 v1.1.0 h1:FNf4tywRC1HmFuKW5xopWpigGjJKiJSV0Cqo0cJWDaA=
filippo.io/edwards25519 v1.1.0/go.mod h1:BxyFTGdWcka3PhytdK4V28tE5sGfRvvvRV7EaN4VDT4=
git.openprivacy.ca/cwtch.im/tapir v0.6.0 h1:TtnKjxitkIDMM7Qn0n/u+mOHRLJzuQUYjYRu5n0/QFY=
git.openprivacy.ca/cwtch.im/tapir v0.6.0/go.mod h1:iQIq4y7N+DuP3CxyG66WNEC/d6vzh+wXvvOmelB+KoY=
git.openprivacy.ca/openprivacy/bine v0.0.4 h1:CO7EkGyz+jegZ4ap8g5NWRuDHA/56KKvGySR6OBPW+c=
git.openprivacy.ca/openprivacy/bine v0.0.4/go.mod h1:13ZqhKyqakDsN/ZkQkIGNULsmLyqtXc46XBcnuXm/mU=
git.openprivacy.ca/openprivacy/connectivity v1.8.6 h1:g74PyDGvpMZ3+K0dXy3mlTJh+e0rcwNk0XF8owzkmOA=
git.openprivacy.ca/openprivacy/connectivity v1.8.6/go.mod h1:Hn1gpOx/bRZp5wvCtPQVJPXrfeUH0EGiG/Aoa0vjGLg=
git.openprivacy.ca/openprivacy/log v1.0.3 h1:E/PMm4LY+Q9s3aDpfySfEDq/vYQontlvNj/scrPaga0=
git.openprivacy.ca/openprivacy/log v1.0.3/go.mod h1:gGYK8xHtndRLDymFtmjkG26GaMQNgyhioNS82m812Iw=
github.com/aws/aws-sdk-go v1.51.6 h1:Ld36dn9r7P9IjU8WZSaswQ8Y/XUCRpewim5980DwYiU=
github.com/aws/aws-sdk-go v1.51.6/go.mod h1:LF8svs817+Nz+DmiMQKTO3ubZ/6IaTpq3TjupRn3Eqk=
github.com/cloudflare/circl v1.6.1 h1:zqIqSPIndyBh1bjLVVDHMPpVKqp8Su/V+6MeDzzQBQ0=
github.com/cloudflare/circl v1.6.1/go.mod h1:uddAzsPgqdMAYatqJ0lsjX1oECcQLIlRpzZh3pJrofs=
github.com/davecgh/go-spew v1.1.0/go.mod h1:J7Y8YcW2NihsgmVo/mv3lAwl/skON4iLHjSsI+c5H38=
github.com/davecgh/go-spew v1.1.1 h1:vj9j/u1bqnvCEfJOwUhtlOARqs3+rkHYY13jYWTU97c=
github.com/davecgh/go-spew v1.1.1/go.mod h1:J7Y8YcW2NihsgmVo/mv3lAwl/skON4iLHjSsI+c5H38=
github.com/google/go-cmp v0.6.0 h1:ofyhxvXcZhMsU5ulbFiLKl/XBFqE1GSq7atu8tAmTRI=
github.com/google/go-cmp v0.6.0/go.mod h1:17dUlkBOakJ0+DkrSSNjCkIjxS6bF9zb3elmeNGIjoY=
github.com/google/uuid v1.6.0 h1:NIvaJDMOsjHA8n1jAhLSgzrAzy1Hgr+hNrb57e+94F0=
github.com/google/uuid v1.6.0/go.mod h1:TIyPZe4MgqvfeYDBFedMoGGpEw/LqOeaOT+nhxU+yHo=
github.com/gtank/merlin v0.1.1 h1:eQ90iG7K9pOhtereWsmyRJ6RAwcP4tHTDBHXNg+u5is=
github.com/gtank/merlin v0.1.1/go.mod h1:T86dnYJhcGOh5BjZFCJWTDeTK7XW8uE+E21Cy/bIQ+s=
github.com/gtank/ristretto255 v0.1.3-0.20210930101514-6bb39798585c h1:gkfmnY4Rlt3VINCo4uKdpvngiibQyoENVj5Q88sxXhE=
github.com/gtank/ristretto255 v0.1.3-0.20210930101514-6bb39798585c/go.mod h1:tDPFhGdt3hJWqtKwx57i9baiB1Cj0yAg22VOPUqm5vY=
github.com/jmespath/go-jmespath v0.4.0 h1:BEgLn5cpjn8UN1mAw4NjwDrS35OdebyEtFe+9YPoQUg=
github.com/jmespath/go-jmespath v0.4.0/go.mod h1:T8mJZnbsbmF+m6zOOFylbeCJqk5+pHWvzYPziyZiYoo=
github.com/jmespath/go-jmespath/internal/testify v1.5.1 h1:shLQSRRSCCPj3f2gpwzGwWFoC7ycTf1rcQZHOlsJ6N8=
github.com/jmespath/go-jmespath/internal/testify v1.5.1/go.mod h1:L3OGu8Wl2/fWfCI6z80xFu9LTZmf1ZRjMHUOPmWr69U=
github.com/joho/godotenv v1.5.1 h1:7eLL/+HRGLY0ldzfGMeQkb7vMd0as4CfYvUVzLqw0N0=
github.com/joho/godotenv v1.5.1/go.mod h1:f4LDr5Voq0i2e/R5DDNOoa2zzDfwtkZa6DnEwAbqwq4=
github.com/mimoo/StrobeGo v0.0.0-20181016162300-f8f6d4d2b643/go.mod h1:43+3pMjjKimDBf5Kr4ZFNGbLql1zKkbImw+fZbw3geM=
github.com/mimoo/StrobeGo v0.0.0-20220103164710-9a04d6ca976b h1:QrHweqAtyJ9EwCaGHBu1fghwxIPiopAHV06JlXrMHjk=
github.com/mimoo/StrobeGo v0.0.0-20220103164710-9a04d6ca976b/go.mod h1:xxLb2ip6sSUts3g1irPVHyk/DGslwQsNOo9I7smJfNU=
github.com/mutecomm/go-sqlcipher/v4 v4.4.2 h1:eM10bFtI4UvibIsKr10/QT7Yfz+NADfjZYh0GKrXUNc=
github.com/mutecomm/go-sqlcipher/v4 v4.4.2/go.mod h1:mF2UmIpBnzFeBdu/ypTDb/LdbS0nk0dfSN1WUsWTjMA=
github.com/onsi/ginkgo/v2 v2.1.4 h1:GNapqRSid3zijZ9H77KrgVG4/8KqiyRsxcSxe+7ApXY=
github.com/onsi/ginkgo/v2 v2.1.4/go.mod h1:um6tUpWM/cxCK3/FK8BXqEiUMUwRgSM4JXG47RKZmLU=
github.com/onsi/gomega v1.20.1 h1:PA/3qinGoukvymdIDV8pii6tiZgC8kbmJO6Z5+b002Q=
github.com/onsi/gomega v1.20.1/go.mod h1:DtrZpjmvpn2mPm4YWQa0/ALMDj9v4YxLgojwPeREyVo=
github.com/pmezard/go-difflib v1.0.0 h1:4DBwDE0NGyQoBHbLQYPwSUPoCMWR5BEzIk/f1lZbAQM=
github.com/pmezard/go-difflib v1.0.0/go.mod h1:iKH77koFhYxTK1pcRnkKkqfTogsbg7gZNVY4sRDYZ/4=
github.com/shopspring/decimal v1.4.0 h1:bxl37RwXBklmTi0C79JfXCEBD1cqqHt0bbgBAGFp81k=
github.com/shopspring/decimal v1.4.0/go.mod h1:gawqmDU56v4yIKSwfBSFip1HdCCXN8/+DMd9qYNcwME=
github.com/stretchr/objx v0.1.0/go.mod h1:HFkY916IF+rwdDfMAkV7OtwuqBVzrE8GR6GFx+wExME=
github.com/stretchr/testify v1.3.0/go.mod h1:M5WIy9Dh21IEIfnGCwXGc5bZfKNJtfHm1UVUgZn+9EI=
github.com/stretchr/testify v1.6.1/go.mod h1:6Fq8oRcR53rry900zMqJjRRixrwX3KX962/h/Wwjteg=
github.com/stretchr/testify v1.10.0 h1:Xv5erBjTwe/5IxqUQTdXv5kgmIvbHo3QQyRwhJsOfJA=
github.com/stretchr/testify v1.10.0/go.mod h1:r2ic/lqez/lEtzL7wO/rwa5dbSLXVDPFyf8C91i36aY=
go.etcd.io/bbolt v1.3.6 h1:/ecaJf0sk1l4l6V4awd65v2C3ILy7MSj+s/x1ADCIMU=
go.etcd.io/bbolt v1.3.6/go.mod h1:qXsaaIqmgQH0T+OPdb99Bf+PKfBBQVAdyD6TY9G8XM4=
go.mongodb.org/mongo-driver v1.17.3 h1:TQyXhnsWfWtgAhMtOgtYHMTkZIfBTpMTsMnd9ZBeHxQ=
go.mongodb.org/mongo-driver v1.17.3/go.mod h1:Hy04i7O2kC4RS06ZrhPRqj/u4DTYkFDAAccj+rVKqgQ=
golang.org/x/crypto v0.0.0-20190308221718-c2843e01d9a2/go.mod h1:djNgcEr1/C05ACkg1iLfiJU5Ep61QUkGW8qpdssI0+w=
golang.org/x/crypto v0.0.0-20200622213623-75b288015ac9/go.mod h1:LzIPMQfyMNhhGPhUkYOs5KpL4U8rLKemX1yGLhDgUto=
golang.org/x/crypto v0.0.0-20201012173705-84dcc777aaee/go.mod h1:LzIPMQfyMNhhGPhUkYOs5KpL4U8rLKemX1yGLhDgUto=
golang.org/x/crypto v0.38.0 h1:jt+WWG8IZlBnVbomuhg2Mdq0+BBQaHbtqHEFEigjUV8=
golang.org/x/crypto v0.38.0/go.mod h1:MvrbAqul58NNYPKnOra203SB9vpuZW0e+RRZV+Ggqjw=
golang.org/x/net v0.0.0-20190404232315-eb5bcb51f2a3/go.mod h1:t9HGtf8HONx5eT2rtn7q6eTqICYqUVnKs3thJo3Qplg=
golang.org/x/net v0.0.0-20201010224723-4f7140c49acb/go.mod h1:sp8m0HH+o8qH0wwXwYZr8TS3Oi6o0r6Gce1SSxlDquU=
golang.org/x/net v0.21.0 h1:AQyQV4dYCvJ7vGmJyKki9+PBdyvhkSd8EIx/qb0AYv4=
golang.org/x/net v0.21.0/go.mod h1:bIjVDfnllIU7BJ2DNgfnXvpSvtn8VRwhlsaeUTyUS44=
golang.org/x/sys v0.0.0-20190215142949-d0b11bdaac8a/go.mod h1:STP8DvDyc/dI5b8T5hshtkjS+E42TnysNCUPdjciGhY=
golang.org/x/sys v0.0.0-20190412213103-97732733099d/go.mod h1:h1NjWce9XRLGQEsW7wpKNCjG9DtNlClVuFLEZdDNbEs=
golang.org/x/sys v0.0.0-20200923182605-d9f96fdee20d/go.mod h1:h1NjWce9XRLGQEsW7wpKNCjG9DtNlClVuFLEZdDNbEs=
golang.org/x/sys v0.0.0-20200930185726-fdedc70b468f/go.mod h1:h1NjWce9XRLGQEsW7wpKNCjG9DtNlClVuFLEZdDNbEs=
golang.org/x/sys v0.33.0 h1:q3i8TbbEz+JRD9ywIRlyRAQbM0qF7hu24q3teo2hbuw=
golang.org/x/sys v0.33.0/go.mod h1:BJP2sWEmIv4KK5OTEluFJCKSidICx8ciO85XgH3Ak8k=
golang.org/x/text v0.3.0/go.mod h1:NqM8EUOU14njkJ3fqMW+pc6Ldnwhi/IjpwHt7yyuwOQ=
golang.org/x/text v0.3.3/go.mod h1:5Zoc/QRtKVWzQhOtBMvqHzDpF6irO9z98xDceosuGiQ=
golang.org/x/text v0.25.0 h1:qVyWApTSYLk/drJRO5mDlNYskwQznZmkpV2c8q9zls4=
golang.org/x/text v0.25.0/go.mod h1:WEdwpYrmk1qmdHvhkSTNPm3app7v4rsT8F2UD6+VHIA=
golang.org/x/tools v0.0.0-20180917221912-90fa682c2a6e/go.mod h1:n7NCudcB/nEzxVGmLbDWY5pfWTLqBcC2KZ6jyYvM4mQ=
gopkg.in/check.v1 v0.0.0-20161208181325-20d25e280405/go.mod h1:Co6ibVJAznAaIkqp8huTwlJQCZ016jof/cbN4VW5Yz0=
gopkg.in/yaml.v2 v2.2.8 h1:obN1ZagJSUGI0Ek/LBmuj4SNLPfIny3KsKFopxRdj10=
gopkg.in/yaml.v2 v2.2.8/go.mod h1:hI93XBmqTisBFMUTm0b8Fm+jr3Dg1NNxqwp+5A1VGuI=
gopkg.in/yaml.v3 v3.0.0-20200313102051-9f266ea9e77c/go.mod h1:K4uyk7z7BCEPqu6E+C64Yfv1cQ7kz7rIZviUmN+EgEM=
gopkg.in/yaml.v3 v3.0.1 h1:fxVm/GzAzEWqLHuvctI91KS9hhNmmWOoWu0XTYJS7CA=
gopkg.in/yaml.v3 v3.0.1/go.mod h1:K4uyk7z7BCEPqu6E+C64Yfv1cQ7kz7rIZviUmN+EgEM=
